
Microsoft Visual Studio Solution File, Format Version 12.00
# Visual Studio Version 17
VisualStudioVersion = 17.10.35013.160
MinimumVisualStudioVersion = 10.0.40219.1
Project("{FAE04EC0-301F-11D3-BF4B-00C04F79EFBC}") = "Project", "Project\Project.csproj", "{A33E7CD3-1052-404D-9A8D-2B3278A20BF0}"
EndProject
Global
	GlobalSection(SolutionConfigurationPlatforms) = preSolution
		Debug|Any CPU = Debug|Any CPU
		Release|Any CPU = Release|Any CPU
	EndGlobalSection
	GlobalSection(ProjectConfigurationPlatforms) = postSolution
		{A33E7CD3-1052-404D-9A8D-2B3278A20BF0}.Debug|Any CPU.ActiveCfg = Debug|Any CPU
		{A33E7CD3-1052-404D-9A8D-2B3278A20BF0}.Debug|Any CPU.Build.0 = Debug|Any CPU
		{A33E7CD3-1052-404D-9A8D-2B3278A20BF0}.Release|Any CPU.ActiveCfg = Release|Any CPU
		{A33E7CD3-1052-404D-9A8D-2B3278A20BF0}.Release|Any CPU.Build.0 = Release|Any CPU
	EndGlobalSection
	GlobalSection(SolutionProperties) = preSolution
		HideSolutionNode = FALSE
	EndGlobalSection
	GlobalSection(ExtensibilityGlobals) = postSolution
		SolutionGuid = {2095A68A-2926-4919-8D70-7B23C136F62B}
	EndGlobalSection
EndGlobal
